
Microsoft Visual Studio Solution File, Format Version 12.00
# Visual Studio Version 17
VisualStudioVersion = 17.9.34616.47
MinimumVisualStudioVersion = 10.0.40219.1
Project("{9A19103F-16F7-4668-BE54-9A1E7A4F7556}") = "Battleship", "Battleship.csproj", "{F51483E8-450B-462D-A211-00169953C10A}"
EndProject
Global
	GlobalSection(SolutionConfigurationPlatforms) = preSolution
		Debug|Any CPU = Debug|Any CPU
		Release|Any CPU = Release|Any CPU
	EndGlobalSection
	GlobalSection(ProjectConfigurationPlatforms) = postSolution
		{F51483E8-450B-462D-A211-00169953C10A}.Debug|Any CPU.ActiveCfg = Debug|Any CPU
		{F51483E8-450B-462D-A211-00169953C10A}.Debug|Any CPU.Build.0 = Debug|Any CPU
		{F51483E8-450B-462D-A211-00169953C10A}.Release|Any CPU.ActiveCfg = Release|Any CPU
		{F51483E8-450B-462D-A211-00169953C10A}.Release|Any CPU.Build.0 = Release|Any CPU
	EndGlobalSection
	GlobalSection(SolutionProperties) = preSolution
		HideSolutionNode = FALSE
	EndGlobalSection
	GlobalSection(ExtensibilityGlobals) = postSolution
		SolutionGuid = {644102C1-0ADA-4714-9291-A5DD7EF9A720}
	EndGlobalSection
EndGlobal
